
Microsoft Visual Studio Solution File, Format Version 11.00
# Visual Studio 2010
Project("{FAE04EC0-301F-11D3-BF4B-00C04F79EFBC}") = "MESClient", "MESClient.csproj", "{125240C7-1131-4641-8EB6-1000EB5478B9}"
	ProjectSection(ProjectDependencies) = postProject
		{24700614-A09C-492F-BB2D-ACE2877A02E2} = {24700614-A09C-492F-BB2D-ACE2877A02E2}
		{452C5D15-185A-41C9-9F24-DE56F0D01574} = {452C5D15-185A-41C9-9F24-DE56F0D01574}
		{387C7F2A-0744-4981-B9E4-408ABAFD0DB7} = {387C7F2A-0744-4981-B9E4-408ABAFD0DB7}
		{B7663F33-1159-44C2-A3A9-094D96AEF9AA} = {B7663F33-1159-44C2-A3A9-094D96AEF9AA}
		{EF525D4E-73F9-4CC6-BD07-DF91009E2B49} = {EF525D4E-73F9-4CC6-BD07-DF91009E2B49}
		{2BF1596C-58CC-480E-B748-5328F038967C} = {2BF1596C-58CC-480E-B748-5328F038967C}
		{72AF8175-7A38-4DDA-964A-4695C7990799} = {72AF8175-7A38-4DDA-964A-4695C7990799}
		{C4244984-BFD0-46C1-A97C-6159E951B984} = {C4244984-BFD0-46C1-A97C-6159E951B984}
		{A6718F88-5B8E-44F5-972C-7C4F798E4A3C} = {A6718F88-5B8E-44F5-972C-7C4F798E4A3C}
		{21D712AD-C372-46DB-85E4-6CEDF7A19AE8} = {21D712AD-C372-46DB-85E4-6CEDF7A19AE8}
		{246DD2AD-3FB0-44AE-9DF8-A7B7C6A1E852} = {246DD2AD-3FB0-44AE-9DF8-A7B7C6A1E852}
		{0547C8B1-B1B3-45C9-B192-8D0F38891221} = {0547C8B1-B1B3-45C9-B192-8D0F38891221}
		{F3B86FB7-35BE-4523-94F5-182174D5ABF5} = {F3B86FB7-35BE-4523-94F5-182174D5ABF5}
		{BD37ACD3-BF60-44D2-8C99-1C91A9F3AD1D} = {BD37ACD3-BF60-44D2-8C99-1C91A9F3AD1D}
		{D23333D5-F4B7-44DE-987F-1B5A73587C66} = {D23333D5-F4B7-44DE-987F-1B5A73587C66}
		{C217A0E9-0FBD-4F2F-B570-221603A4D268} = {C217A0E9-0FBD-4F2F-B570-221603A4D268}
		{8D3A17F4-96D0-44FB-86E7-BD063A110D76} = {8D3A17F4-96D0-44FB-86E7-BD063A110D76}
		{2E57CBF9-3B13-41F7-9188-43B766637F15} = {2E57CBF9-3B13-41F7-9188-43B766637F15}
	EndProjectSection
EndProject
Project("{54435603-DBB4-11D2-8724-00A0C9A8B90C}") = "MESClientSetupKit", "MESClientSetupKit\MESClientSetupKit.vdproj", "{5F54C2EC-E48C-42D7-BACC-E278399EAF90}"
EndProject
Project("{FAE04EC0-301F-11D3-BF4B-00C04F79EFBC}") = "Miracom.ALMCore", "Miracom.ALMCore\Miracom.ALMCore.csproj", "{72AF8175-7A38-4DDA-964A-4695C7990799}"
	ProjectSection(ProjectDependencies) = postProject
		{F7657612-69FE-42B2-A99E-A1B63BC591F3} = {F7657612-69FE-42B2-A99E-A1B63BC591F3}
	EndProjectSection
EndProject
Project("{FAE04EC0-301F-11D3-BF4B-00C04F79EFBC}") = "Miracom.BOMCore", "Miracom.BOMCore\Miracom.BOMCore.csproj", "{BD37ACD3-BF60-44D2-8C99-1C91A9F3AD1D}"
	ProjectSection(ProjectDependencies) = postProject
		{F7657612-69FE-42B2-A99E-A1B63BC591F3} = {F7657612-69FE-42B2-A99E-A1B63BC591F3}
	EndProjectSection
EndProject
Project("{FAE04EC0-301F-11D3-BF4B-00C04F79EFBC}") = "Miracom.CliFrx", "Miracom.CliFrx\Miracom.CliFrx.csproj", "{BAF00140-DC5A-48A9-9423-3FE252359429}"
EndProject
Project("{FAE04EC0-301F-11D3-BF4B-00C04F79EFBC}") = "Miracom.EDCCore", "Miracom.EDCCore\Miracom.EDCCore.csproj", "{246DD2AD-3FB0-44AE-9DF8-A7B7C6A1E852}"
	ProjectSection(ProjectDependencies) = postProject
		{F7657612-69FE-42B2-A99E-A1B63BC591F3} = {F7657612-69FE-42B2-A99E-A1B63BC591F3}
	EndProjectSection
EndProject
Project("{FAE04EC0-301F-11D3-BF4B-00C04F79EFBC}") = "Miracom.INVCore", "Miracom.INVCore\Miracom.INVCore.csproj", "{F3B86FB7-35BE-4523-94F5-182174D5ABF5}"
	ProjectSection(ProjectDependencies) = postProject
		{F7657612-69FE-42B2-A99E-A1B63BC591F3} = {F7657612-69FE-42B2-A99E-A1B63BC591F3}
	EndProjectSection
EndProject
Project("{FAE04EC0-301F-11D3-BF4B-00C04F79EFBC}") = "Miracom.MESCore", "Miracom.MESCore\Miracom.MESCore.csproj", "{F7657612-69FE-42B2-A99E-A1B63BC591F3}"
	ProjectSection(ProjectDependencies) = postProject
		{BAF00140-DC5A-48A9-9423-3FE252359429} = {BAF00140-DC5A-48A9-9423-3FE252359429}
	EndProjectSection
EndProject
Project("{FAE04EC0-301F-11D3-BF4B-00C04F79EFBC}") = "Miracom.ORDCore", "Miracom.ORDCore\Miracom.ORDCore.csproj", "{2BF1596C-58CC-480E-B748-5328F038967C}"
	ProjectSection(ProjectDependencies) = postProject
		{F7657612-69FE-42B2-A99E-A1B63BC591F3} = {F7657612-69FE-42B2-A99E-A1B63BC591F3}
	EndProjectSection
EndProject
Project("{FAE04EC0-301F-11D3-BF4B-00C04F79EFBC}") = "Miracom.POPCore", "Miracom.POPCore\Miracom.POPCore.csproj", "{452C5D15-185A-41C9-9F24-DE56F0D01574}"
	ProjectSection(ProjectDependencies) = postProject
		{F7657612-69FE-42B2-A99E-A1B63BC591F3} = {F7657612-69FE-42B2-A99E-A1B63BC591F3}
	EndProjectSection
EndProject
Project("{FAE04EC0-301F-11D3-BF4B-00C04F79EFBC}") = "Miracom.RASCore", "Miracom.RASCore\Miracom.RASCore.csproj", "{C217A0E9-0FBD-4F2F-B570-221603A4D268}"
	ProjectSection(ProjectDependencies) = postProject
		{F7657612-69FE-42B2-A99E-A1B63BC591F3} = {F7657612-69FE-42B2-A99E-A1B63BC591F3}
		{0547C8B1-B1B3-45C9-B192-8D0F38891221} = {0547C8B1-B1B3-45C9-B192-8D0F38891221}
	EndProjectSection
EndProject
Project("{FAE04EC0-301F-11D3-BF4B-00C04F79EFBC}") = "Miracom.RCPCore", "Miracom.RCPCore\Miracom.RCPCore.csproj", "{24700614-A09C-492F-BB2D-ACE2877A02E2}"
	ProjectSection(ProjectDependencies) = postProject
		{F7657612-69FE-42B2-A99E-A1B63BC591F3} = {F7657612-69FE-42B2-A99E-A1B63BC591F3}
	EndProjectSection
EndProject
Project("{FAE04EC0-301F-11D3-BF4B-00C04F79EFBC}") = "Miracom.RTDCore", "Miracom.RTDCore\Miracom.RTDCore.csproj", "{2E57CBF9-3B13-41F7-9188-43B766637F15}"
	ProjectSection(ProjectDependencies) = postProject
		{F7657612-69FE-42B2-A99E-A1B63BC591F3} = {F7657612-69FE-42B2-A99E-A1B63BC591F3}
	EndProjectSection
EndProject
Project("{FAE04EC0-301F-11D3-BF4B-00C04F79EFBC}") = "Miracom.SECCore", "Miracom.SECCore\Miracom.SECCore.csproj", "{A6718F88-5B8E-44F5-972C-7C4F798E4A3C}"
	ProjectSection(ProjectDependencies) = postProject
		{F7657612-69FE-42B2-A99E-A1B63BC591F3} = {F7657612-69FE-42B2-A99E-A1B63BC591F3}
	EndProjectSection
EndProject
Project("{FAE04EC0-301F-11D3-BF4B-00C04F79EFBC}") = "Miracom.UTLCore", "Miracom.UTLCore\Miracom.UTLCore.csproj", "{EF525D4E-73F9-4CC6-BD07-DF91009E2B49}"
	ProjectSection(ProjectDependencies) = postProject
		{F7657612-69FE-42B2-A99E-A1B63BC591F3} = {F7657612-69FE-42B2-A99E-A1B63BC591F3}
	EndProjectSection
EndProject
Project("{FAE04EC0-301F-11D3-BF4B-00C04F79EFBC}") = "Miracom.WIPCore", "Miracom.WIPCore\Miracom.WIPCore.csproj", "{D23333D5-F4B7-44DE-987F-1B5A73587C66}"
	ProjectSection(ProjectDependencies) = postProject
		{F7657612-69FE-42B2-A99E-A1B63BC591F3} = {F7657612-69FE-42B2-A99E-A1B63BC591F3}
		{0547C8B1-B1B3-45C9-B192-8D0F38891221} = {0547C8B1-B1B3-45C9-B192-8D0F38891221}
	EndProjectSection
EndProject
Project("{FAE04EC0-301F-11D3-BF4B-00C04F79EFBC}") = "Miracom.SVMCore", "Miracom.SVMCore\Miracom.SVMCore.csproj", "{C4244984-BFD0-46C1-A97C-6159E951B984}"
	ProjectSection(ProjectDependencies) = postProject
		{F7657612-69FE-42B2-A99E-A1B63BC591F3} = {F7657612-69FE-42B2-A99E-A1B63BC591F3}
	EndProjectSection
EndProject
Project("{FAE04EC0-301F-11D3-BF4B-00C04F79EFBC}") = "Miracom.QCMCore", "Miracom.QCMCore\Miracom.QCMCore.csproj", "{8D3A17F4-96D0-44FB-86E7-BD063A110D76}"
	ProjectSection(ProjectDependencies) = postProject
		{F7657612-69FE-42B2-A99E-A1B63BC591F3} = {F7657612-69FE-42B2-A99E-A1B63BC591F3}
	EndProjectSection
EndProject
Project("{54435603-DBB4-11D2-8724-00A0C9A8B90C}") = "MESClientSetupKitForWin7", "MESClientSetupKitForWin7\MESClientSetupKitForWin7.vdproj", "{78F112E8-484F-495C-AE62-2F8AB4DC594A}"
EndProject
Project("{FAE04EC0-301F-11D3-BF4B-00C04F79EFBC}") = "Miracom.BASCore", "Miracom.BASCore\Miracom.BASCore.csproj", "{0547C8B1-B1B3-45C9-B192-8D0F38891221}"
	ProjectSection(ProjectDependencies) = postProject
		{F7657612-69FE-42B2-A99E-A1B63BC591F3} = {F7657612-69FE-42B2-A99E-A1B63BC591F3}
	EndProjectSection
EndProject
Project("{FAE04EC0-301F-11D3-BF4B-00C04F79EFBC}") = "Miracom.SPMCore", "Miracom.SPMCore\Miracom.SPMCore.csproj", "{B7663F33-1159-44C2-A3A9-094D96AEF9AA}"
	ProjectSection(ProjectDependencies) = postProject
		{F7657612-69FE-42B2-A99E-A1B63BC591F3} = {F7657612-69FE-42B2-A99E-A1B63BC591F3}
	EndProjectSection
EndProject
Project("{FAE04EC0-301F-11D3-BF4B-00C04F79EFBC}") = "Miracom.WEMCore", "Miracom.WEMCore\Miracom.WEMCore.csproj", "{21D712AD-C372-46DB-85E4-6CEDF7A19AE8}"
	ProjectSection(ProjectDependencies) = postProject
		{F7657612-69FE-42B2-A99E-A1B63BC591F3} = {F7657612-69FE-42B2-A99E-A1B63BC591F3}
	EndProjectSection
EndProject
Project("{2150E333-8FDC-42A3-9474-1A3956D46DE8}") = "SetupKits", "SetupKits", "{7ADA0047-94A2-463A-94A4-D7E2A4FA270E}"
EndProject
Project("{FAE04EC0-301F-11D3-BF4B-00C04F79EFBC}") = "Miracom.OUISample", "Miracom.OUISample\Miracom.OUISample.csproj", "{387C7F2A-0744-4981-B9E4-408ABAFD0DB7}"
	ProjectSection(ProjectDependencies) = postProject
		{F7657612-69FE-42B2-A99E-A1B63BC591F3} = {F7657612-69FE-42B2-A99E-A1B63BC591F3}
	EndProjectSection
EndProject
Project("{2150E333-8FDC-42A3-9474-1A3956D46DE8}") = "zOUISamples", "zOUISamples", "{08302F77-CE04-44CE-9A47-8FF0E56D92A3}"
EndProject
Project("{FAE04EC0-301F-11D3-BF4B-00C04F79EFBC}") = "Custom.Common", "Custom.Common\Custom.Common.csproj", "{CDC4980D-9B44-4571-BCFA-76DB889094E9}"
EndProject
Project("{FAE04EC0-301F-11D3-BF4B-00C04F79EFBC}") = "Custom.HanwhaQcell.USModule", "Custom.HanwhaQcell.USModule\Custom.HanwhaQcell.USModule.csproj", "{21C0914B-8D2D-4F00-B20D-42D17DFB49C2}"
EndProject
Project("{FAE04EC0-301F-11D3-BF4B-00C04F79EFBC}") = "Miracom.DNMCore", "Miracom.DNMCore\Miracom.DNMCore.csproj", "{541660EB-1EE4-48DF-8C18-D058588707ED}"
EndProject
Project("{FAE04EC0-301F-11D3-BF4B-00C04F79EFBC}") = "SOI.OIFrx", "SOI.OIFrx\SOI.OIFrx.csproj", "{CF2260C6-27F5-4523-AB9F-4CFCC3ECE105}"
EndProject
Project("{2150E333-8FDC-42A3-9474-1A3956D46DE8}") = "OIFrx", "OIFrx", "{1299AA24-5AE8-4304-B366-E2671925B2AC}"
EndProject
Global
	GlobalSection(SolutionConfigurationPlatforms) = preSolution
		Debug|Any CPU = Debug|Any CPU
		Debug|x86 = Debug|x86
		Release|Any CPU = Release|Any CPU
		Release|x86 = Release|x86
	EndGlobalSection
	GlobalSection(ProjectConfigurationPlatforms) = postSolution
		{125240C7-1131-4641-8EB6-1000EB5478B9}.Debug|Any CPU.ActiveCfg = Debug|Any CPU
		{125240C7-1131-4641-8EB6-1000EB5478B9}.Debug|Any CPU.Build.0 = Debug|Any CPU
		{125240C7-1131-4641-8EB6-1000EB5478B9}.Debug|x86.ActiveCfg = Debug|Any CPU
		{125240C7-1131-4641-8EB6-1000EB5478B9}.Release|Any CPU.ActiveCfg = Release|Any CPU
		{125240C7-1131-4641-8EB6-1000EB5478B9}.Release|Any CPU.Build.0 = Release|Any CPU
		{125240C7-1131-4641-8EB6-1000EB5478B9}.Release|x86.ActiveCfg = Release|Any CPU
		{5F54C2EC-E48C-42D7-BACC-E278399EAF90}.Debug|Any CPU.ActiveCfg = Debug
		{5F54C2EC-E48C-42D7-BACC-E278399EAF90}.Debug|x86.ActiveCfg = Debug
		{5F54C2EC-E48C-42D7-BACC-E278399EAF90}.Debug|x86.Build.0 = Debug
		{5F54C2EC-E48C-42D7-BACC-E278399EAF90}.Release|Any CPU.ActiveCfg = Release
		{5F54C2EC-E48C-42D7-BACC-E278399EAF90}.Release|x86.ActiveCfg = Release_Http
		{5F54C2EC-E48C-42D7-BACC-E278399EAF90}.Release|x86.Build.0 = Release_Http
		{72AF8175-7A38-4DDA-964A-4695C7990799}.Debug|Any CPU.ActiveCfg = Debug|Any CPU
		{72AF8175-7A38-4DDA-964A-4695C7990799}.Debug|x86.ActiveCfg = Debug|Any CPU
		{72AF8175-7A38-4DDA-964A-4695C7990799}.Release|Any CPU.ActiveCfg = Release|Any CPU
		{72AF8175-7A38-4DDA-964A-4695C7990799}.Release|Any CPU.Build.0 = Release|Any CPU
		{72AF8175-7A38-4DDA-964A-4695C7990799}.Release|x86.ActiveCfg = Release|Any CPU
		{BD37ACD3-BF60-44D2-8C99-1C91A9F3AD1D}.Debug|Any CPU.ActiveCfg = Debug|Any CPU
		{BD37ACD3-BF60-44D2-8C99-1C91A9F3AD1D}.Debug|x86.ActiveCfg = Debug|Any CPU
		{BD37ACD3-BF60-44D2-8C99-1C91A9F3AD1D}.Release|Any CPU.ActiveCfg = Release|Any CPU
		{BD37ACD3-BF60-44D2-8C99-1C91A9F3AD1D}.Release|Any CPU.Build.0 = Release|Any CPU
		{BD37ACD3-BF60-44D2-8C99-1C91A9F3AD1D}.Release|x86.ActiveCfg = Release|Any CPU
		{BAF00140-DC5A-48A9-9423-3FE252359429}.Debug|Any CPU.ActiveCfg = Debug|Any CPU
		{BAF00140-DC5A-48A9-9423-3FE252359429}.Debug|x86.ActiveCfg = Debug|Any CPU
		{BAF00140-DC5A-48A9-9423-3FE252359429}.Release|Any CPU.ActiveCfg = Release|Any CPU
		{BAF00140-DC5A-48A9-9423-3FE252359429}.Release|Any CPU.Build.0 = Release|Any CPU
		{BAF00140-DC5A-48A9-9423-3FE252359429}.Release|x86.ActiveCfg = Release|Any CPU
		{246DD2AD-3FB0-44AE-9DF8-A7B7C6A1E852}.Debug|Any CPU.ActiveCfg = Debug|Any CPU
		{246DD2AD-3FB0-44AE-9DF8-A7B7C6A1E852}.Debug|x86.ActiveCfg = Debug|Any CPU
		{246DD2AD-3FB0-44AE-9DF8-A7B7C6A1E852}.Release|Any CPU.ActiveCfg = Release|Any CPU
		{246DD2AD-3FB0-44AE-9DF8-A7B7C6A1E852}.Release|Any CPU.Build.0 = Release|Any CPU
		{246DD2AD-3FB0-44AE-9DF8-A7B7C6A1E852}.Release|x86.ActiveCfg = Release|Any CPU
		{F3B86FB7-35BE-4523-94F5-182174D5ABF5}.Debug|Any CPU.ActiveCfg = Debug|Any CPU
		{F3B86FB7-35BE-4523-94F5-182174D5ABF5}.Debug|x86.ActiveCfg = Debug|Any CPU
		{F3B86FB7-35BE-4523-94F5-182174D5ABF5}.Release|Any CPU.ActiveCfg = Release|Any CPU
		{F3B86FB7-35BE-4523-94F5-182174D5ABF5}.Release|Any CPU.Build.0 = Release|Any CPU
		{F3B86FB7-35BE-4523-94F5-182174D5ABF5}.Release|x86.ActiveCfg = Release|Any CPU
		{F7657612-69FE-42B2-A99E-A1B63BC591F3}.Debug|Any CPU.ActiveCfg = Debug|Any CPU
		{F7657612-69FE-42B2-A99E-A1B63BC591F3}.Debug|Any CPU.Build.0 = Debug|Any CPU
		{F7657612-69FE-42B2-A99E-A1B63BC591F3}.Debug|x86.ActiveCfg = Debug|Any CPU
		{F7657612-69FE-42B2-A99E-A1B63BC591F3}.Release|Any CPU.ActiveCfg = Release|Any CPU
		{F7657612-69FE-42B2-A99E-A1B63BC591F3}.Release|Any CPU.Build.0 = Release|Any CPU
		{F7657612-69FE-42B2-A99E-A1B63BC591F3}.Release|x86.ActiveCfg = Release|Any CPU
		{2BF1596C-58CC-480E-B748-5328F038967C}.Debug|Any CPU.ActiveCfg = Debug|Any CPU
		{2BF1596C-58CC-480E-B748-5328F038967C}.Debug|x86.ActiveCfg = Debug|Any CPU
		{2BF1596C-58CC-480E-B748-5328F038967C}.Release|Any CPU.ActiveCfg = Release|Any CPU
		{2BF1596C-58CC-480E-B748-5328F038967C}.Release|Any CPU.Build.0 = Release|Any CPU
		{2BF1596C-58CC-480E-B748-5328F038967C}.Release|x86.ActiveCfg = Release|Any CPU
		{452C5D15-185A-41C9-9F24-DE56F0D01574}.Debug|Any CPU.ActiveCfg = Debug|Any CPU
		{452C5D15-185A-41C9-9F24-DE56F0D01574}.Debug|x86.ActiveCfg = Debug|Any CPU
		{452C5D15-185A-41C9-9F24-DE56F0D01574}.Release|Any CPU.ActiveCfg = Release|Any CPU
		{452C5D15-185A-41C9-9F24-DE56F0D01574}.Release|Any CPU.Build.0 = Release|Any CPU
		{452C5D15-185A-41C9-9F24-DE56F0D01574}.Release|x86.ActiveCfg = Release|Any CPU
		{C217A0E9-0FBD-4F2F-B570-221603A4D268}.Debug|Any CPU.ActiveCfg = Debug|Any CPU
		{C217A0E9-0FBD-4F2F-B570-221603A4D268}.Debug|x86.ActiveCfg = Debug|Any CPU
		{C217A0E9-0FBD-4F2F-B570-221603A4D268}.Release|Any CPU.ActiveCfg = Release|Any CPU
		{C217A0E9-0FBD-4F2F-B570-221603A4D268}.Release|Any CPU.Build.0 = Release|Any CPU
		{C217A0E9-0FBD-4F2F-B570-221603A4D268}.Release|x86.ActiveCfg = Release|Any CPU
		{24700614-A09C-492F-BB2D-ACE2877A02E2}.Debug|Any CPU.ActiveCfg = Debug|Any CPU
		{24700614-A09C-492F-BB2D-ACE2877A02E2}.Debug|Any CPU.Build.0 = Debug|Any CPU
		{24700614-A09C-492F-BB2D-ACE2877A02E2}.Debug|x86.ActiveCfg = Debug|Any CPU
		{24700614-A09C-492F-BB2D-ACE2877A02E2}.Release|Any CPU.ActiveCfg = Release|Any CPU
		{24700614-A09C-492F-BB2D-ACE2877A02E2}.Release|Any CPU.Build.0 = Release|Any CPU
		{24700614-A09C-492F-BB2D-ACE2877A02E2}.Release|x86.ActiveCfg = Release|Any CPU
		{2E57CBF9-3B13-41F7-9188-43B766637F15}.Debug|Any CPU.ActiveCfg = Debug|Any CPU
		{2E57CBF9-3B13-41F7-9188-43B766637F15}.Debug|x86.ActiveCfg = Debug|Any CPU
		{2E57CBF9-3B13-41F7-9188-43B766637F15}.Release|Any CPU.ActiveCfg = Release|Any CPU
		{2E57CBF9-3B13-41F7-9188-43B766637F15}.Release|Any CPU.Build.0 = Release|Any CPU
		{2E57CBF9-3B13-41F7-9188-43B766637F15}.Release|x86.ActiveCfg = Release|Any CPU
		{A6718F88-5B8E-44F5-972C-7C4F798E4A3C}.Debug|Any CPU.ActiveCfg = Debug|Any CPU
		{A6718F88-5B8E-44F5-972C-7C4F798E4A3C}.Debug|x86.ActiveCfg = Debug|Any CPU
		{A6718F88-5B8E-44F5-972C-7C4F798E4A3C}.Release|Any CPU.ActiveCfg = Release|Any CPU
		{A6718F88-5B8E-44F5-972C-7C4F798E4A3C}.Release|Any CPU.Build.0 = Release|Any CPU
		{A6718F88-5B8E-44F5-972C-7C4F798E4A3C}.Release|x86.ActiveCfg = Release|Any CPU
		{EF525D4E-73F9-4CC6-BD07-DF91009E2B49}.Debug|Any CPU.ActiveCfg = Debug|Any CPU
		{EF525D4E-73F9-4CC6-BD07-DF91009E2B49}.Debug|x86.ActiveCfg = Debug|Any CPU
		{EF525D4E-73F9-4CC6-BD07-DF91009E2B49}.Release|Any CPU.ActiveCfg = Release|Any CPU
		{EF525D4E-73F9-4CC6-BD07-DF91009E2B49}.Release|Any CPU.Build.0 = Release|Any CPU
		{EF525D4E-73F9-4CC6-BD07-DF91009E2B49}.Release|x86.ActiveCfg = Release|Any CPU
		{D23333D5-F4B7-44DE-987F-1B5A73587C66}.Debug|Any CPU.ActiveCfg = Debug|Any CPU
		{D23333D5-F4B7-44DE-987F-1B5A73587C66}.Debug|x86.ActiveCfg = Debug|Any CPU
		{D23333D5-F4B7-44DE-987F-1B5A73587C66}.Release|Any CPU.ActiveCfg = Release|Any CPU
		{D23333D5-F4B7-44DE-987F-1B5A73587C66}.Release|Any CPU.Build.0 = Release|Any CPU
		{D23333D5-F4B7-44DE-987F-1B5A73587C66}.Release|x86.ActiveCfg = Release|Any CPU
		{C4244984-BFD0-46C1-A97C-6159E951B984}.Debug|Any CPU.ActiveCfg = Debug|Any CPU
		{C4244984-BFD0-46C1-A97C-6159E951B984}.Debug|x86.ActiveCfg = Debug|Any CPU
		{C4244984-BFD0-46C1-A97C-6159E951B984}.Release|Any CPU.ActiveCfg = Release|Any CPU
		{C4244984-BFD0-46C1-A97C-6159E951B984}.Release|Any CPU.Build.0 = Release|Any CPU
		{C4244984-BFD0-46C1-A97C-6159E951B984}.Release|x86.ActiveCfg = Release|Any CPU
		{8D3A17F4-96D0-44FB-86E7-BD063A110D76}.Debug|Any CPU.ActiveCfg = Debug|Any CPU
		{8D3A17F4-96D0-44FB-86E7-BD063A110D76}.Debug|x86.ActiveCfg = Debug|Any CPU
		{8D3A17F4-96D0-44FB-86E7-BD063A110D76}.Release|Any CPU.ActiveCfg = Release|Any CPU
		{8D3A17F4-96D0-44FB-86E7-BD063A110D76}.Release|Any CPU.Build.0 = Release|Any CPU
		{8D3A17F4-96D0-44FB-86E7-BD063A110D76}.Release|x86.ActiveCfg = Release|Any CPU
		{78F112E8-484F-495C-AE62-2F8AB4DC594A}.Debug|Any CPU.ActiveCfg = Debug
		{78F112E8-484F-495C-AE62-2F8AB4DC594A}.Debug|x86.ActiveCfg = Debug
		{78F112E8-484F-495C-AE62-2F8AB4DC594A}.Debug|x86.Build.0 = Debug
		{78F112E8-484F-495C-AE62-2F8AB4DC594A}.Release|Any CPU.ActiveCfg = Release
		{78F112E8-484F-495C-AE62-2F8AB4DC594A}.Release|x86.ActiveCfg = Release_Http
		{78F112E8-484F-495C-AE62-2F8AB4DC594A}.Release|x86.Build.0 = Release_Http
		{0547C8B1-B1B3-45C9-B192-8D0F38891221}.Debug|Any CPU.ActiveCfg = Debug|Any CPU
		{0547C8B1-B1B3-45C9-B192-8D0F38891221}.Debug|x86.ActiveCfg = Debug|Any CPU
		{0547C8B1-B1B3-45C9-B192-8D0F38891221}.Release|Any CPU.ActiveCfg = Release|Any CPU
		{0547C8B1-B1B3-45C9-B192-8D0F38891221}.Release|Any CPU.Build.0 = Release|Any CPU
		{0547C8B1-B1B3-45C9-B192-8D0F38891221}.Release|x86.ActiveCfg = Release|Any CPU
		{B7663F33-1159-44C2-A3A9-094D96AEF9AA}.Debug|Any CPU.ActiveCfg = Debug|Any CPU
		{B7663F33-1159-44C2-A3A9-094D96AEF9AA}.Debug|x86.ActiveCfg = Debug|Any CPU
		{B7663F33-1159-44C2-A3A9-094D96AEF9AA}.Release|Any CPU.ActiveCfg = Release|Any CPU
		{B7663F33-1159-44C2-A3A9-094D96AEF9AA}.Release|Any CPU.Build.0 = Release|Any CPU
		{B7663F33-1159-44C2-A3A9-094D96AEF9AA}.Release|x86.ActiveCfg = Release|Any CPU
		{21D712AD-C372-46DB-85E4-6CEDF7A19AE8}.Debug|Any CPU.ActiveCfg = Debug|Any CPU
		{21D712AD-C372-46DB-85E4-6CEDF7A19AE8}.Debug|x86.ActiveCfg = Debug|Any CPU
		{21D712AD-C372-46DB-85E4-6CEDF7A19AE8}.Release|Any CPU.ActiveCfg = Release|Any CPU
		{21D712AD-C372-46DB-85E4-6CEDF7A19AE8}.Release|Any CPU.Build.0 = Release|Any CPU
		{21D712AD-C372-46DB-85E4-6CEDF7A19AE8}.Release|x86.ActiveCfg = Release|Any CPU
		{387C7F2A-0744-4981-B9E4-408ABAFD0DB7}.Debug|Any CPU.ActiveCfg = Debug|Any CPU
		{387C7F2A-0744-4981-B9E4-408ABAFD0DB7}.Debug|x86.ActiveCfg = Debug|Any CPU
		{387C7F2A-0744-4981-B9E4-408ABAFD0DB7}.Release|Any CPU.ActiveCfg = Release|Any CPU
		{387C7F2A-0744-4981-B9E4-408ABAFD0DB7}.Release|Any CPU.Build.0 = Release|Any CPU
		{387C7F2A-0744-4981-B9E4-408ABAFD0DB7}.Release|x86.ActiveCfg = Release|Any CPU
		{CDC4980D-9B44-4571-BCFA-76DB889094E9}.Debug|Any CPU.ActiveCfg = Debug|Any CPU
		{CDC4980D-9B44-4571-BCFA-76DB889094E9}.Debug|Any CPU.Build.0 = Debug|Any CPU
		{CDC4980D-9B44-4571-BCFA-76DB889094E9}.Debug|x86.ActiveCfg = Debug|Any CPU
		{CDC4980D-9B44-4571-BCFA-76DB889094E9}.Release|Any CPU.ActiveCfg = Release|Any CPU
		{CDC4980D-9B44-4571-BCFA-76DB889094E9}.Release|Any CPU.Build.0 = Release|Any CPU
		{CDC4980D-9B44-4571-BCFA-76DB889094E9}.Release|x86.ActiveCfg = Release|Any CPU
		{21C0914B-8D2D-4F00-B20D-42D17DFB49C2}.Debug|Any CPU.ActiveCfg = Debug|Any CPU
		{21C0914B-8D2D-4F00-B20D-42D17DFB49C2}.Debug|Any CPU.Build.0 = Debug|Any CPU
		{21C0914B-8D2D-4F00-B20D-42D17DFB49C2}.Debug|x86.ActiveCfg = Debug|Any CPU
		{21C0914B-8D2D-4F00-B20D-42D17DFB49C2}.Release|Any CPU.ActiveCfg = Release|Any CPU
		{21C0914B-8D2D-4F00-B20D-42D17DFB49C2}.Release|Any CPU.Build.0 = Release|Any CPU
		{21C0914B-8D2D-4F00-B20D-42D17DFB49C2}.Release|x86.ActiveCfg = Release|Any CPU
		{541660EB-1EE4-48DF-8C18-D058588707ED}.Debug|Any CPU.ActiveCfg = Debug|Any CPU
		{541660EB-1EE4-48DF-8C18-D058588707ED}.Debug|x86.ActiveCfg = Debug|Any CPU
		{541660EB-1EE4-48DF-8C18-D058588707ED}.Release|Any CPU.ActiveCfg = Release|Any CPU
		{541660EB-1EE4-48DF-8C18-D058588707ED}.Release|Any CPU.Build.0 = Release|Any CPU
		{541660EB-1EE4-48DF-8C18-D058588707ED}.Release|x86.ActiveCfg = Release|Any CPU
		{CF2260C6-27F5-4523-AB9F-4CFCC3ECE105}.Debug|Any CPU.ActiveCfg = Debug|Any CPU
		{CF2260C6-27F5-4523-AB9F-4CFCC3ECE105}.Debug|x86.ActiveCfg = Debug|Any CPU
		{CF2260C6-27F5-4523-AB9F-4CFCC3ECE105}.Release|Any CPU.ActiveCfg = Release|Any CPU
		{CF2260C6-27F5-4523-AB9F-4CFCC3ECE105}.Release|Any CPU.Build.0 = Release|Any CPU
		{CF2260C6-27F5-4523-AB9F-4CFCC3ECE105}.Release|x86.ActiveCfg = Release|Any CPU
	EndGlobalSection
	GlobalSection(SolutionProperties) = preSolution
		HideSolutionNode = FALSE
	EndGlobalSection
	GlobalSection(NestedProjects) = preSolution
		{78F112E8-484F-495C-AE62-2F8AB4DC594A} = {7ADA0047-94A2-463A-94A4-D7E2A4FA270E}
		{5F54C2EC-E48C-42D7-BACC-E278399EAF90} = {7ADA0047-94A2-463A-94A4-D7E2A4FA270E}
		{387C7F2A-0744-4981-B9E4-408ABAFD0DB7} = {08302F77-CE04-44CE-9A47-8FF0E56D92A3}
		{CF2260C6-27F5-4523-AB9F-4CFCC3ECE105} = {1299AA24-5AE8-4304-B366-E2671925B2AC}
	EndGlobalSection
	GlobalSection(DPCodeReviewSolutionGUID) = preSolution
		DPCodeReviewSolutionGUID = {00000000-0000-0000-0000-000000000000}
	EndGlobalSection
EndGlobal
